// !$*UTF8*$!
{
	archiveVersion = 1;
	classes = {
	};
	objectVersion = 46;
	objects = {

/* Begin PBXBuildFile section */
		2B64A7901B72A25600859A4C /* AppDelegate.swift in Sources */ = {isa = PBXBuildFile; fileRef = 2B64A78F1B72A25600859A4C /* AppDelegate.swift */; };
		2B64A7921B72A25600859A4C /* ViewController.swift in Sources */ = {isa = PBXBuildFile; fileRef = 2B64A7911B72A25600859A4C /* ViewController.swift */; };
		2B64A7951B72A25600859A4C /* Main.storyboard in Resources */ = {isa = PBXBuildFile; fileRef = 2B64A7931B72A25600859A4C /* Main.storyboard */; };
		2B64A7971B72A25600859A4C /* Images.xcassets in Resources */ = {isa = PBXBuildFile; fileRef = 2B64A7961B72A25600859A4C /* Images.xcassets */; };
		2B64A79A1B72A25600859A4C /* LaunchScreen.xib in Resources */ = {isa = PBXBuildFile; fileRef = 2B64A7981B72A25600859A4C /* LaunchScreen.xib */; };
		2B64A7A61B72A25600859A4C /* Open_Sea_Map_BrowserTests.swift in Sources */ = {isa = PBXBuildFile; fileRef = 2B64A7A51B72A25600859A4C /* Open_Sea_Map_BrowserTests.swift */; };
		2B64A7B01B72B93900859A4C /* MapKit.framework in Frameworks */ = {isa = PBXBuildFile; fileRef = 2B64A7AF1B72B93900859A4C /* MapKit.framework */; };
		2B64A7B41B72C61900859A4C /* TTTGeocoordinateFormatter.m in Sources */ = {isa = PBXBuildFile; fileRef = 2B64A7B31B72C61900859A4C /* TTTGeocoordinateFormatter.m */; };
		2B64A7B81B72C63900859A4C /* TTTLocationFormatter.m in Sources */ = {isa = PBXBuildFile; fileRef = 2B64A7B71B72C63900859A4C /* TTTLocationFormatter.m */; };
		2B64A7BB1B72EC2500859A4C /* SettingsViewController.swift in Sources */ = {isa = PBXBuildFile; fileRef = 2B64A7BA1B72EC2500859A4C /* SettingsViewController.swift */; };
		2B64A7BD1B730FD500859A4C /* NSUserDefaultRegionExtension.swift in Sources */ = {isa = PBXBuildFile; fileRef = 2B64A7BC1B730FD500859A4C /* NSUserDefaultRegionExtension.swift */; };
/* End PBXBuildFile section */

/* Begin PBXContainerItemProxy section */
		2B64A7A01B72A25600859A4C /* PBXContainerItemProxy */ = {
			isa = PBXContainerItemProxy;
			containerPortal = 2B64A7821B72A25600859A4C /* Project object */;
			proxyType = 1;
			remoteGlobalIDString = 2B64A7891B72A25600859A4C;
			remoteInfo = "Open Sea Map Browser";
		};
/* End PBXContainerItemProxy section */

/* Begin PBXFileReference section */
		2B64A78A1B72A25600859A4C /* Open Sea Map Browser.app */ = {isa = PBXFileReference; explicitFileType = wrapper.application; includeInIndex = 0; path = "Open Sea Map Browser.app"; sourceTree = BUILT_PRODUCTS_DIR; };
		2B64A78E1B72A25600859A4C /* Info.plist */ = {isa = PBXFileReference; lastKnownFileType = text.plist.xml; path = Info.plist; sourceTree = "<group>"; };
		2B64A78F1B72A25600859A4C /* AppDelegate.swift */ = {isa = PBXFileReference; lastKnownFileType = sourcecode.swift; path = AppDelegate.swift; sourceTree = "<group>"; };
		2B64A7911B72A25600859A4C /* ViewController.swift */ = {isa = PBXFileReference; lastKnownFileType = sourcecode.swift; path = ViewController.swift; sourceTree = "<group>"; };
		2B64A7941B72A25600859A4C /* Base */ = {isa = PBXFileReference; lastKnownFileType = file.storyboard; name = Base; path = Base.lproj/Main.storyboard; sourceTree = "<group>"; };
		2B64A7961B72A25600859A4C /* Images.xcassets */ = {isa = PBXFileReference; lastKnownFileType = folder.assetcatalog; path = Images.xcassets; sourceTree = "<group>"; };
		2B64A7991B72A25600859A4C /* Base */ = {isa = PBXFileReference; lastKnownFileType = file.xib; name = Base; path = Base.lproj/LaunchScreen.xib; sourceTree = "<group>"; };
		2B64A79F1B72A25600859A4C /* Open Sea Map BrowserTests.xctest */ = {isa = PBXFileReference; explicitFileType = wrapper.cfbundle; includeInIndex = 0; path = "Open Sea Map BrowserTests.xctest"; sourceTree = BUILT_PRODUCTS_DIR; };
		2B64A7A41B72A25600859A4C /* Info.plist */ = {isa = PBXFileReference; lastKnownFileType = text.plist.xml; path = Info.plist; sourceTree = "<group>"; };
		2B64A7A51B72A25600859A4C /* Open_Sea_Map_BrowserTests.swift */ = {isa = PBXFileReference; lastKnownFileType = sourcecode.swift; path = Open_Sea_Map_BrowserTests.swift; sourceTree = "<group>"; };
		2B64A7AF1B72B93900859A4C /* MapKit.framework */ = {isa = PBXFileReference; lastKnownFileType = wrapper.framework; name = MapKit.framework; path = System/Library/Frameworks/MapKit.framework; sourceTree = SDKROOT; };
		2B64A7B11B72C61800859A4C /* Open Sea Map Browser-Bridging-Header.h */ = {isa = PBXFileReference; lastKnownFileType = sourcecode.c.h; path = "Open Sea Map Browser-Bridging-Header.h"; sourceTree = "<group>"; };
		2B64A7B21B72C61900859A4C /* TTTGeocoordinateFormatter.h */ = {isa = PBXFileReference; fileEncoding = 4; lastKnownFileType = sourcecode.c.h; path = TTTGeocoordinateFormatter.h; sourceTree = "<group>"; };
		2B64A7B31B72C61900859A4C /* TTTGeocoordinateFormatter.m */ = {isa = PBXFileReference; fileEncoding = 4; lastKnownFileType = sourcecode.c.objc; path = TTTGeocoordinateFormatter.m; sourceTree = "<group>"; };
		2B64A7B61B72C63900859A4C /* TTTLocationFormatter.h */ = {isa = PBXFileReference; fileEncoding = 4; lastKnownFileType = sourcecode.c.h; path = TTTLocationFormatter.h; sourceTree = "<group>"; };
		2B64A7B71B72C63900859A4C /* TTTLocationFormatter.m */ = {isa = PBXFileReference; fileEncoding = 4; lastKnownFileType = sourcecode.c.objc; path = TTTLocationFormatter.m; sourceTree = "<group>"; };
		2B64A7B91B72CCA400859A4C /* MyPlayground.playground */ = {isa = PBXFileReference; lastKnownFileType = file.playground; name = MyPlayground.playground; path = "Open Sea Map Browser/MyPlayground.playground"; sourceTree = "<group>"; };
		2B64A7BA1B72EC2500859A4C /* SettingsViewController.swift */ = {isa = PBXFileReference; fileEncoding = 4; lastKnownFileType = sourcecode.swift; path = SettingsViewController.swift; sourceTree = "<group>"; };
		2B64A7BC1B730FD500859A4C /* NSUserDefaultRegionExtension.swift */ = {isa = PBXFileReference; fileEncoding = 4; lastKnownFileType = sourcecode.swift; path = NSUserDefaultRegionExtension.swift; sourceTree = "<group>"; };
/* End PBXFileReference section */

/* Begin PBXFrameworksBuildPhase section */
		2B64A7871B72A25600859A4C /* Frameworks */ = {
			isa = PBXFrameworksBuildPhase;
			buildActionMask = 2147483647;
			files = (
				2B64A7B01B72B93900859A4C /* MapKit.framework in Frameworks */,
			);
			runOnlyForDeploymentPostprocessing = 0;
		};
		2B64A79C1B72A25600859A4C /* Frameworks */ = {
			isa = PBXFrameworksBuildPhase;
			buildActionMask = 2147483647;
			files = (
			);
			runOnlyForDeploymentPostprocessing = 0;
		};
/* End PBXFrameworksBuildPhase section */

/* Begin PBXGroup section */
		2B64A7811B72A25600859A4C = {
			isa = PBXGroup;
			children = (
				2B64A7B91B72CCA400859A4C /* MyPlayground.playground */,
				2B64A7AF1B72B93900859A4C /* MapKit.framework */,
				2B64A78C1B72A25600859A4C /* Open Sea Map Browser */,
				2B64A7A21B72A25600859A4C /* Open Sea Map BrowserTests */,
				2B64A78B1B72A25600859A4C /* Products */,
			);
			sourceTree = "<group>";
		};
		2B64A78B1B72A25600859A4C /* Products */ = {
			isa = PBXGroup;
			children = (
				2B64A78A1B72A25600859A4C /* Open Sea Map Browser.app */,
				2B64A79F1B72A25600859A4C /* Open Sea Map BrowserTests.xctest */,
			);
			name = Products;
			sourceTree = "<group>";
		};
		2B64A78C1B72A25600859A4C /* Open Sea Map Browser */ = {
			isa = PBXGroup;
			children = (
				2B64A78F1B72A25600859A4C /* AppDelegate.swift */,
				2B64A7911B72A25600859A4C /* ViewController.swift */,
				2B64A7BC1B730FD500859A4C /* NSUserDefaultRegionExtension.swift */,
				2B64A7931B72A25600859A4C /* Main.storyboard */,
				2B64A7BA1B72EC2500859A4C /* SettingsViewController.swift */,
				2B64A7961B72A25600859A4C /* Images.xcassets */,
				2B64A7981B72A25600859A4C /* LaunchScreen.xib */,
				2B64A7B51B72C62500859A4C /* Formatter Kit */,
				2B64A78D1B72A25600859A4C /* Supporting Files */,
				2B64A7B11B72C61800859A4C /* Open Sea Map Browser-Bridging-Header.h */,
			);
			path = "Open Sea Map Browser";
			sourceTree = "<group>";
		};
		2B64A78D1B72A25600859A4C /* Supporting Files */ = {
			isa = PBXGroup;
			children = (
				2B64A78E1B72A25600859A4C /* Info.plist */,
			);
			name = "Supporting Files";
			sourceTree = "<group>";
		};
		2B64A7A21B72A25600859A4C /* Open Sea Map BrowserTests */ = {
			isa = PBXGroup;
			children = (
				2B64A7A51B72A25600859A4C /* Open_Sea_Map_BrowserTests.swift */,
				2B64A7A31B72A25600859A4C /* Supporting Files */,
			);
			path = "Open Sea Map BrowserTests";
			sourceTree = "<group>";
		};
		2B64A7A31B72A25600859A4C /* Supporting Files */ = {
			isa = PBXGroup;
			children = (
				2B64A7A41B72A25600859A4C /* Info.plist */,
			);
			name = "Supporting Files";
			sourceTree = "<group>";
		};
		2B64A7B51B72C62500859A4C /* Formatter Kit */ = {
			isa = PBXGroup;
			children = (
				2B64A7B61B72C63900859A4C /* TTTLocationFormatter.h */,
				2B64A7B71B72C63900859A4C /* TTTLocationFormatter.m */,
				2B64A7B21B72C61900859A4C /* TTTGeocoordinateFormatter.h */,
				2B64A7B31B72C61900859A4C /* TTTGeocoordinateFormatter.m */,
			);
			name = "Formatter Kit";
			sourceTree = "<group>";
		};
/* End PBXGroup section */

/* Begin PBXNativeTarget section */
		2B64A7891B72A25600859A4C /* Open Sea Map Browser */ = {
			isa = PBXNativeTarget;
			buildConfigurationList = 2B64A7A91B72A25600859A4C /* Build configuration list for PBXNativeTarget "Open Sea Map Browser" */;
			buildPhases = (
				2B64A7861B72A25600859A4C /* Sources */,
				2B64A7871B72A25600859A4C /* Frameworks */,
				2B64A7881B72A25600859A4C /* Resources */,
				2BB9093E1B74099300357A89 /* Update Build Number */,
			);
			buildRules = (
			);
			dependencies = (
			);
			name = "Open Sea Map Browser";
			productName = "Open Sea Map Browser";
			productReference = 2B64A78A1B72A25600859A4C /* Open Sea Map Browser.app */;
			productType = "com.apple.product-type.application";
		};
		2B64A79E1B72A25600859A4C /* Open Sea Map BrowserTests */ = {
			isa = PBXNativeTarget;
			buildConfigurationList = 2B64A7AC1B72A25600859A4C /* Build configuration list for PBXNativeTarget "Open Sea Map BrowserTests" */;
			buildPhases = (
				2B64A79B1B72A25600859A4C /* Sources */,
				2B64A79C1B72A25600859A4C /* Frameworks */,
				2B64A79D1B72A25600859A4C /* Resources */,
			);
			buildRules = (
			);
			dependencies = (
				2B64A7A11B72A25600859A4C /* PBXTargetDependency */,
			);
			name = "Open Sea Map BrowserTests";
			productName = "Open Sea Map BrowserTests";
			productReference = 2B64A79F1B72A25600859A4C /* Open Sea Map BrowserTests.xctest */;
			productType = "com.apple.product-type.bundle.unit-test";
		};
/* End PBXNativeTarget section */

/* Begin PBXProject section */
		2B64A7821B72A25600859A4C /* Project object */ = {
			isa = PBXProject;
			attributes = {
				LastSwiftUpdateCheck = 0700;
				LastUpgradeCheck = 0640;
				ORGANIZATIONNAME = "Hal Mueller";
				TargetAttributes = {
					2B64A7891B72A25600859A4C = {
						CreatedOnToolsVersion = 6.4;
						SystemCapabilities = {
							com.apple.Maps.iOS = {
								enabled = 1;
							};
						};
					};
					2B64A79E1B72A25600859A4C = {
						CreatedOnToolsVersion = 6.4;
						TestTargetID = 2B64A7891B72A25600859A4C;
					};
				};
			};
			buildConfigurationList = 2B64A7851B72A25600859A4C /* Build configuration list for PBXProject "Open Sea Map Browser" */;
			compatibilityVersion = "Xcode 3.2";
			developmentRegion = English;
			hasScannedForEncodings = 0;
			knownRegions = (
				en,
				Base,
			);
			mainGroup = 2B64A7811B72A25600859A4C;
			productRefGroup = 2B64A78B1B72A25600859A4C /* Products */;
			projectDirPath = "";
			projectRoot = "";
			targets = (
				2B64A7891B72A25600859A4C /* Open Sea Map Browser */,
				2B64A79E1B72A25600859A4C /* Open Sea Map BrowserTests */,
			);
		};
/* End PBXProject section */

/* Begin PBXResourcesBuildPhase section */
		2B64A7881B72A25600859A4C /* Resources */ = {
			isa = PBXResourcesBuildPhase;
			buildActionMask = 2147483647;
			files = (
				2B64A7951B72A25600859A4C /* Main.storyboard in Resources */,
				2B64A79A1B72A25600859A4C /* LaunchScreen.xib in Resources */,
				2B64A7971B72A25600859A4C /* Images.xcassets in Resources */,
			);
			runOnlyForDeploymentPostprocessing = 0;
		};
		2B64A79D1B72A25600859A4C /* Resources */ = {
			isa = PBXResourcesBuildPhase;
			buildActionMask = 2147483647;
			files = (
			);
			runOnlyForDeploymentPostprocessing = 0;
		};
/* End PBXResourcesBuildPhase section */

/* Begin PBXShellScriptBuildPhase section */
		2BB9093E1B74099300357A89 /* Update Build Number */ = {
			isa = PBXShellScriptBuildPhase;
			buildActionMask = 2147483647;
			files = (
			);
			inputPaths = (
			);
			name = "Update Build Number";
			outputPaths = (
			);
			runOnlyForDeploymentPostprocessing = 0;
			shellPath = /bin/sh;
			shellScript = "#\n# Set the build number to the current git commit count.\n# If we're using the Dev scheme, then we'll suffix the build\n# number with the current branch name, to make collisions\n# far less likely across feature branches.\n# Based on: http://w3facility.info/question/how-do-i-force-xcode-to-rebuild-the-info-plist-file-in-my-project-every-time-i-build-the-project/\n# as described in http://blog.jaredsinclair.com/post/97193356620/the-best-of-all-possible-xcode-automated-build\n#\ngit=`sh /etc/profile; which git`\nappBuild=`\"$git\" rev-list --all |wc -l`\nif [ $CONFIGURATION = \"Debug\" ]; then\nbranchName=`\"$git\" rev-parse --abbrev-ref HEAD`\n/usr/libexec/PlistBuddy -c \"Set :CFBundleVersion $appBuild-$branchName\" \"${TARGET_BUILD_DIR}/${INFOPLIST_PATH}\"\nelse\n/usr/libexec/PlistBuddy -c \"Set :CFBundleVersion $appBuild\" \"${TARGET_BUILD_DIR}/${INFOPLIST_PATH}\"\nfi\necho \"Updated ${TARGET_BUILD_DIR}/${INFOPLIST_PATH}\"\n";
		};
/* End PBXShellScriptBuildPhase section */

/* Begin PBXSourcesBuildPhase section */
		2B64A7861B72A25600859A4C /* Sources */ = {
			isa = PBXSourcesBuildPhase;
			buildActionMask = 2147483647;
			files = (
				2B64A7B41B72C61900859A4C /* TTTGeocoordinateFormatter.m in Sources */,
				2B64A7921B72A25600859A4C /* ViewController.swift in Sources */,
				2B64A7B81B72C63900859A4C /* TTTLocationFormatter.m in Sources */,
				2B64A7BB1B72EC2500859A4C /* SettingsViewController.swift in Sources */,
				2B64A7901B72A25600859A4C /* AppDelegate.swift in Sources */,
				2B64A7BD1B730FD500859A4C /* NSUserDefaultRegionExtension.swift in Sources */,
			);
			runOnlyForDeploymentPostprocessing = 0;
		};
		2B64A79B1B72A25600859A4C /* Sources */ = {
			isa = PBXSourcesBuildPhase;
			buildActionMask = 2147483647;
			files = (
				2B64A7A61B72A25600859A4C /* Open_Sea_Map_BrowserTests.swift in Sources */,
			);
			runOnlyForDeploymentPostprocessing = 0;
		};
/* End PBXSourcesBuildPhase section */

/* Begin PBXTargetDependency section */
		2B64A7A11B72A25600859A4C /* PBXTargetDependency */ = {
			isa = PBXTargetDependency;
			target = 2B64A7891B72A25600859A4C /* Open Sea Map Browser */;
			targetProxy = 2B64A7A01B72A25600859A4C /* PBXContainerItemProxy */;
		};
/* End PBXTargetDependency section */

/* Begin PBXVariantGroup section */
		2B64A7931B72A25600859A4C /* Main.storyboard */ = {
			isa = PBXVariantGroup;
			children = (
				2B64A7941B72A25600859A4C /* Base */,
			);
			name = Main.storyboard;
			sourceTree = "<group>";
		};
		2B64A7981B72A25600859A4C /* LaunchScreen.xib */ = {
			isa = PBXVariantGroup;
			children = (
				2B64A7991B72A25600859A4C /* Base */,
			);
			name = LaunchScreen.xib;
			sourceTree = "<group>";
		};
/* End PBXVariantGroup section */

/* Begin XCBuildConfiguration section */
		2B64A7A71B72A25600859A4C /* Debug */ = {
			isa = XCBuildConfiguration;
			buildSettings = {
				ALWAYS_SEARCH_USER_PATHS = NO;
				CLANG_CXX_LANGUAGE_STANDARD = "gnu++0x";
				CLANG_CXX_LIBRARY = "libc++";
				CLANG_ENABLE_MODULES = YES;
				CLANG_ENABLE_OBJC_ARC = YES;
				CLANG_WARN_BOOL_CONVERSION = YES;
				CLANG_WARN_CONSTANT_CONVERSION = YES;
				CLANG_WARN_DIRECT_OBJC_ISA_USAGE = YES_ERROR;
				CLANG_WARN_EMPTY_BODY = YES;
				CLANG_WARN_ENUM_CONVERSION = YES;
				CLANG_WARN_INT_CONVERSION = YES;
				CLANG_WARN_OBJC_ROOT_CLASS = YES_ERROR;
				CLANG_WARN_UNREACHABLE_CODE = YES;
				CLANG_WARN__DUPLICATE_METHOD_MATCH = YES;
				"CODE_SIGN_IDENTITY[sdk=iphoneos*]" = "iPhone Developer";
				COPY_PHASE_STRIP = NO;
				DEBUG_INFORMATION_FORMAT = "dwarf-with-dsym";
				ENABLE_STRICT_OBJC_MSGSEND = YES;
				GCC_C_LANGUAGE_STANDARD = gnu99;
				GCC_DYNAMIC_NO_PIC = NO;
				GCC_NO_COMMON_BLOCKS = YES;
				GCC_OPTIMIZATION_LEVEL = 0;
				GCC_PREPROCESSOR_DEFINITIONS = (
					"DEBUG=1",
					"$(inherited)",
				);
				GCC_SYMBOLS_PRIVATE_EXTERN = NO;
				GCC_WARN_64_TO_32_BIT_CONVERSION = YES;
				GCC_WARN_ABOUT_RETURN_TYPE = YES_ERROR;
				GCC_WARN_UNDECLARED_SELECTOR = YES;
				GCC_WARN_UNINITIALIZED_AUTOS = YES_AGGRESSIVE;
				GCC_WARN_UNUSED_FUNCTION = YES;
				GCC_WARN_UNUSED_VARIABLE = YES;
				IPHONEOS_DEPLOYMENT_TARGET = 8.4;
				MTL_ENABLE_DEBUG_INFO = YES;
				ONLY_ACTIVE_ARCH = YES;
				SDKROOT = iphoneos;
				SWIFT_OPTIMIZATION_LEVEL = "-Onone";
				TARGETED_DEVICE_FAMILY = "1,2";
			};
			name = Debug;
		};
		2B64A7A81B72A25600859A4C /* Release */ = {
			isa = XCBuildConfiguration;
			buildSettings = {
				ALWAYS_SEARCH_USER_PATHS = NO;
				CLANG_CXX_LANGUAGE_STANDARD = "gnu++0x";
				CLANG_CXX_LIBRARY = "libc++";
				CLANG_ENABLE_MODULES = YES;
				CLANG_ENABLE_OBJC_ARC = YES;
				CLANG_WARN_BOOL_CONVERSION = YES;
				CLANG_WARN_CONSTANT_CONVERSION = YES;
				CLANG_WARN_DIRECT_OBJC_ISA_USAGE = YES_ERROR;
				CLANG_WARN_EMPTY_BODY = YES;
				CLANG_WARN_ENUM_CONVERSION = YES;
				CLANG_WARN_INT_CONVERSION = YES;
				CLANG_WARN_OBJC_ROOT_CLASS = YES_ERROR;
				CLANG_WARN_UNREACHABLE_CODE = YES;
				CLANG_WARN__DUPLICATE_METHOD_MATCH = YES;
				"CODE_SIGN_IDENTITY[sdk=iphoneos*]" = "iPhone Developer";
				COPY_PHASE_STRIP = NO;
				DEBUG_INFORMATION_FORMAT = "dwarf-with-dsym";
				ENABLE_NS_ASSERTIONS = NO;
				ENABLE_STRICT_OBJC_MSGSEND = YES;
				GCC_C_LANGUAGE_STANDARD = gnu99;
				GCC_NO_COMMON_BLOCKS = YES;
				GCC_WARN_64_TO_32_BIT_CONVERSION = YES;
				GCC_WARN_ABOUT_RETURN_TYPE = YES_ERROR;
				GCC_WARN_UNDECLARED_SELECTOR = YES;
				GCC_WARN_UNINITIALIZED_AUTOS = YES_AGGRESSIVE;
				GCC_WARN_UNUSED_FUNCTION = YES;
				GCC_WARN_UNUSED_VARIABLE = YES;
				IPHONEOS_DEPLOYMENT_TARGET = 8.4;
				MTL_ENABLE_DEBUG_INFO = NO;
				SDKROOT = iphoneos;
				TARGETED_DEVICE_FAMILY = "1,2";
				VALIDATE_PRODUCT = YES;
			};
			name = Release;
		};
		2B64A7AA1B72A25600859A4C /* Debug */ = {
			isa = XCBuildConfiguration;
			buildSettings = {
				ASSETCATALOG_COMPILER_APPICON_NAME = AppIcon;
				CLANG_ENABLE_MODULES = YES;
				CODE_SIGN_IDENTITY = "iPhone Developer";
				INFOPLIST_FILE = "Open Sea Map Browser/Info.plist";
				LD_RUNPATH_SEARCH_PATHS = "$(inherited) @executable_path/Frameworks";
				PRODUCT_NAME = "$(TARGET_NAME)";
				SWIFT_OBJC_BRIDGING_HEADER = "Open Sea Map Browser/Open Sea Map Browser-Bridging-Header.h";
				SWIFT_OPTIMIZATION_LEVEL = "-Onone";
			};
			name = Debug;
		};
		2B64A7AB1B72A25600859A4C /* Release */ = {
			isa = XCBuildConfiguration;
			buildSettings = {
				ASSETCATALOG_COMPILER_APPICON_NAME = AppIcon;
				CLANG_ENABLE_MODULES = YES;
				CODE_SIGN_IDENTITY = "iPhone Developer";
				INFOPLIST_FILE = "Open Sea Map Browser/Info.plist";
				LD_RUNPATH_SEARCH_PATHS = "$(inherited) @executable_path/Frameworks";
				PRODUCT_NAME = "$(TARGET_NAME)";
				SWIFT_OBJC_BRIDGING_HEADER = "Open Sea Map Browser/Open Sea Map Browser-Bridging-Header.h";
			};
			name = Release;
		};
		2B64A7AD1B72A25600859A4C /* Debug */ = {
			isa = XCBuildConfiguration;
			buildSettings = {
				BUNDLE_LOADER = "$(TEST_HOST)";
				FRAMEWORK_SEARCH_PATHS = (
					"$(SDKROOT)/Developer/Library/Frameworks",
					"$(inherited)",
				);
				GCC_PREPROCESSOR_DEFINITIONS = (
					"DEBUG=1",
					"$(inherited)",
				);
				INFOPLIST_FILE = "Open Sea Map BrowserTests/Info.plist";
				LD_RUNPATH_SEARCH_PATHS = "$(inherited) @executable_path/Frameworks @loader_path/Frameworks";
				PRODUCT_NAME = "$(TARGET_NAME)";
				TEST_HOST = "$(BUILT_PRODUCTS_DIR)/Open Sea Map Browser.app/Open Sea Map Browser";
			};
			name = Debug;
		};
		2B64A7AE1B72A25600859A4C /* Release */ = {
			isa = XCBuildConfiguration;
			buildSettings = {
				BUNDLE_LOADER = "$(TEST_HOST)";
				FRAMEWORK_SEARCH_PATHS = (
					"$(SDKROOT)/Developer/Library/Frameworks",
					"$(inherited)",
				);
				INFOPLIST_FILE = "Open Sea Map BrowserTests/Info.plist";
				LD_RUNPATH_SEARCH_PATHS = "$(inherited) @executable_path/Frameworks @loader_path/Frameworks";
				PRODUCT_NAME = "$(TARGET_NAME)";
				TEST_HOST = "$(BUILT_PRODUCTS_DIR)/Open Sea Map Browser.app/Open Sea Map Browser";
			};
			name = Release;
		};
/* End XCBuildConfiguration section */

/* Begin XCConfigurationList section */
		2B64A7851B72A25600859A4C /* Build configuration list for PBXProject "Open Sea Map Browser" */ = {
			isa = XCConfigurationList;
			buildConfigurations = (
				2B64A7A71B72A25600859A4C /* Debug */,
				2B64A7A81B72A25600859A4C /* Release */,
			);
			defaultConfigurationIsVisible = 0;
			defaultConfigurationName = Release;
		};
		2B64A7A91B72A25600859A4C /* Build configuration list for PBXNativeTarget "Open Sea Map Browser" */ = {
			isa = XCConfigurationList;
			buildConfigurations = (
				2B64A7AA1B72A25600859A4C /* Debug */,
				2B64A7AB1B72A25600859A4C /* Release */,
			);
			defaultConfigurationIsVisible = 0;
			defaultConfigurationName = Release;
		};
		2B64A7AC1B72A25600859A4C /* Build configuration list for PBXNativeTarget "Open Sea Map BrowserTests" */ = {
			isa = XCConfigurationList;
			buildConfigurations = (
				2B64A7AD1B72A25600859A4C /* Debug */,
				2B64A7AE1B72A25600859A4C /* Release */,
			);
			defaultConfigurationIsVisible = 0;
			defaultConfigurationName = Release;
		};
/* End XCConfigurationList section */
	};
	rootObject = 2B64A7821B72A25600859A4C /* Project object */;
}
